{
  "version": 4,
  "terraform_version": "1.15.6",
  "serial": 24,
  "lineage": "14ec5aae-4aec-b4ef-0ef2-62b78872bb2c",
  "outputs": {},
  "resources": [
    {
      "mode": "data",
      "type": "external",
      "name": "gcloud_config",
      "provider": "provider[\"registry.terraform.io/hashicorp/external\"]",
      "instances": [
        {
          "schema_version": 0,
          "attributes": {
            "id": "-",
            "program": [
              "bash",
              "-c",
              "token=$(gcloud auth print-access-token 2\u003e/dev/null); project=$(gcloud config get-value project 2\u003e/dev/null); if [ $? -eq 0 ] \u0026\u0026 [ -n \"$token\" ] \u0026\u0026 [ -n \"$project\" ]; then echo \"{\\\"token\\\": \\\"$token\\\", \\\"project\\\": \\\"$project\\\"}\"; else echo \"{\\\"error\\\": \\\"Not logged in to gcloud or no project set. Please run 'gcloud auth login' and set a project.\\\"}\" \u003e\u00262; exit 1; fi"
            ],
            "query": null,
            "result": {
              "project": "metric-link",
              "token": "ya29.a0AT3oNZ8_AoPpqn3rHazmDWMWrnwxyyXrqI3r9JLQ6ZJQZLznwOQu9sXD8IMATJ7cB1Z-CE6FRm4YKNaf97sJQouYmDGVEu-1jU1cff_5Ft9NZF8xs2amQM6sH--iuQs0zP5wJ_De8UCRAeaGpztOB6F0rA_AA0IDZ3rydT7dZlbU9ywC3TBqoar4CjJ722yYVXzBwbDNOoBT8waCgYKAccSARYSFQHGX2MiWyD1j-7TTmhMRc7GLmGEgQ0213"
            },
            "working_dir": null
          },
          "sensitive_attributes": [],
          "identity_schema_version": 0
        }
      ]
    },
    {
      "mode": "data",
      "type": "external",
      "name": "ssh_key",
      "provider": "provider[\"registry.terraform.io/hashicorp/external\"]",
      "instances": [
        {
          "schema_version": 0,
          "attributes": {
            "id": "-",
            "program": [
              "bash",
              "-c",
              "key_path=\"$HOME/.ssh/google_compute_engine.pub\"; username=\"$(id -un)\"; if [ -f \"$key_path\" ]; then echo \"{\\\"key\\\": \\\"$(cat \"$key_path\")\\\", \\\"username\\\": \\\"$username\\\"}\"; else echo \"{\\\"key\\\": \\\"\\\", \\\"username\\\": \\\"$username\\\"}\"; fi"
            ],
            "query": null,
            "result": {
              "key": "ssh-rsa AAAAB3NzaC1yc2EAAAADAQABAAABgQCt8s2cpKUfF6Linr++CCpoxgBtxkEqStlbmq9cNHytNrvcYEdVgHp5lm8mlTniuBtpiyRpaBvEcD7Pc4fCHNHLRVb5jDWkERB6/a8jyOTy26SS9+SY1B0xkbsPlAbhSchnti+vAG7EZ2mdf2+UqsAwpSF/AHUb62+lqOfCYVFssJzihVQfJEnqJPH3fxFpGNFq4kfcuDWqp/zFFp9jOrrPiUYn1pVvzdv0jaJ8Oa6D969O9dqO7OUwr/Zcue8Dtr81ptlqdD7PPCzFgaKPjCAF+wIbLSbqPR0xEA6eQHUSDqeN1g0k6VQxFHZstIzKuGOPITJQgqJjZWJS/KXIJJpdZ9hPQQ2afelqjfki9BaC0U8dtQpLUOq54sdjwQMQWByghDfhNJoQH4ShviHu15WjExENbs1q9Pc+i03ooRfJjsUksi9o8eX1vt2hYHNS1cHc/m8XXO2c74TyPlbsgjEtofdU/ThUjTO+SJsSrHN3Qz3wK6WEPxzeMPgJKmKsiDs= shurtado@mini.local",
              "username": "shurtado"
            },
            "working_dir": null
          },
          "sensitive_attributes": [],
          "identity_schema_version": 0
        }
      ]
    },
    {
      "mode": "data",
      "type": "google_compute_address",
      "name": "mqtt_ip",
      "provider": "provider[\"registry.terraform.io/hashicorp/google\"]",
      "instances": [
        {
          "schema_version": 0,
          "attributes": {
            "address": "35.207.44.241",
            "address_type": "EXTERNAL",
            "id": "projects/metric-link/regions/us-east1/addresses/metric-link-ip-us-east1-mqtt",
            "name": "metric-link-ip-us-east1-mqtt",
            "network": "",
            "network_tier": "STANDARD",
            "prefix_length": 0,
            "project": "metric-link",
            "purpose": "",
            "region": "us-east1",
            "self_link": "https://www.googleapis.com/compute/v1/projects/metric-link/regions/us-east1/addresses/metric-link-ip-us-east1-mqtt",
            "status": "IN_USE",
            "subnetwork": "",
            "users": null
          },
          "sensitive_attributes": [],
          "identity_schema_version": 0
        }
      ]
    },
    {
      "mode": "data",
      "type": "google_compute_network",
      "name": "mqtt_vpc",
      "provider": "provider[\"registry.terraform.io/hashicorp/google\"]",
      "instances": [
        {
          "schema_version": 0,
          "attributes": {
            "description": "",
            "gateway_ipv4": "",
            "id": "projects/metric-link/global/networks/metric-link-vpc",
            "internal_ipv6_range": "",
            "name": "metric-link-vpc",
            "project": null,
            "self_link": "https://www.googleapis.com/compute/v1/projects/metric-link/global/networks/metric-link-vpc",
            "subnetworks_self_links": [
              "https://www.googleapis.com/compute/v1/projects/metric-link/regions/us-east1/subnetworks/metric-link-subnet-us-east1"
            ]
          },
          "sensitive_attributes": [],
          "identity_schema_version": 0
        }
      ]
    },
    {
      "mode": "data",
      "type": "google_compute_subnetwork",
      "name": "mqtt_subnet",
      "provider": "provider[\"registry.terraform.io/hashicorp/google\"]",
      "instances": [
        {
          "schema_version": 0,
          "attributes": {
            "description": "",
            "gateway_address": "10.0.1.1",
            "id": "projects/metric-link/regions/us-east1/subnetworks/metric-link-subnet-us-east1",
            "internal_ipv6_prefix": "",
            "ip_cidr_range": "10.0.1.0/24",
            "name": "metric-link-subnet-us-east1",
            "network": "https://www.googleapis.com/compute/v1/projects/metric-link/global/networks/metric-link-vpc",
            "private_ip_google_access": false,
            "project": "metric-link",
            "region": "us-east1",
            "secondary_ip_range": [],
            "self_link": "https://www.googleapis.com/compute/v1/projects/metric-link/regions/us-east1/subnetworks/metric-link-subnet-us-east1"
          },
          "sensitive_attributes": [],
          "identity_schema_version": 0
        }
      ]
    },
    {
      "mode": "managed",
      "type": "google_compute_instance",
      "name": "mqtt_vm",
      "provider": "provider[\"registry.terraform.io/hashicorp/google\"]",
      "instances": [
        {
          "schema_version": 6,
          "attributes": {
            "advanced_machine_features": [],
            "allow_stopping_for_update": true,
            "attached_disk": [],
            "boot_disk": [
              {
                "auto_delete": true,
                "device_name": "persistent-disk-0",
                "disk_encryption_key_raw": "",
                "disk_encryption_key_sha256": "",
                "initialize_params": [
                  {
                    "enable_confidential_compute": false,
                    "image": "https://www.googleapis.com/compute/v1/projects/debian-cloud/global/images/debian-12-bookworm-v20260609",
                    "labels": {},
                    "provisioned_iops": 0,
                    "provisioned_throughput": 0,
                    "resource_manager_tags": null,
                    "size": 30,
                    "storage_pool": "",
                    "type": "pd-standard"
                  }
                ],
                "kms_key_self_link": "",
                "mode": "READ_WRITE",
                "source": "https://www.googleapis.com/compute/v1/projects/metric-link/zones/us-east1-c/disks/metric-link-vm-us-east1-mqtt"
              }
            ],
            "can_ip_forward": false,
            "confidential_instance_config": [],
            "cpu_platform": "Intel Broadwell",
            "current_status": "RUNNING",
            "deletion_protection": false,
            "description": "",
            "desired_status": null,
            "effective_labels": {
              "env": "prod",
              "project": "metric-link"
            },
            "enable_display": false,
            "guest_accelerator": [],
            "hostname": "",
            "id": "projects/metric-link/zones/us-east1-c/instances/metric-link-vm-us-east1-mqtt",
            "instance_id": "2666525423639998183",
            "label_fingerprint": "jCD9jRfzbHw=",
            "labels": {
              "env": "prod",
              "project": "metric-link"
            },
            "machine_type": "e2-micro",
            "metadata": {
              "ssh-keys": "shurtado:ssh-rsa AAAAB3NzaC1yc2EAAAADAQABAAABgQCt8s2cpKUfF6Linr++CCpoxgBtxkEqStlbmq9cNHytNrvcYEdVgHp5lm8mlTniuBtpiyRpaBvEcD7Pc4fCHNHLRVb5jDWkERB6/a8jyOTy26SS9+SY1B0xkbsPlAbhSchnti+vAG7EZ2mdf2+UqsAwpSF/AHUb62+lqOfCYVFssJzihVQfJEnqJPH3fxFpGNFq4kfcuDWqp/zFFp9jOrrPiUYn1pVvzdv0jaJ8Oa6D969O9dqO7OUwr/Zcue8Dtr81ptlqdD7PPCzFgaKPjCAF+wIbLSbqPR0xEA6eQHUSDqeN1g0k6VQxFHZstIzKuGOPITJQgqJjZWJS/KXIJJpdZ9hPQQ2afelqjfki9BaC0U8dtQpLUOq54sdjwQMQWByghDfhNJoQH4ShviHu15WjExENbs1q9Pc+i03ooRfJjsUksi9o8eX1vt2hYHNS1cHc/m8XXO2c74TyPlbsgjEtofdU/ThUjTO+SJsSrHN3Qz3wK6WEPxzeMPgJKmKsiDs= shurtado@mini.local",
              "startup-script": "#!/bin/bash\napt-get update\napt-get install -y apt-transport-https ca-certificates curl gnupg lsb-release docker.io docker-compose\nsystemctl enable docker\nsystemctl start docker\n"
            },
            "metadata_fingerprint": "Dcbbgj-CGKk=",
            "metadata_startup_script": null,
            "min_cpu_platform": "",
            "name": "metric-link-vm-us-east1-mqtt",
            "network_interface": [
              {
                "access_config": [
                  {
                    "nat_ip": "35.207.44.241",
                    "network_tier": "STANDARD",
                    "public_ptr_domain_name": ""
                  }
                ],
                "alias_ip_range": [],
                "internal_ipv6_prefix_length": 0,
                "ipv6_access_config": [],
                "ipv6_access_type": "",
                "ipv6_address": "",
                "name": "nic0",
                "network": "https://www.googleapis.com/compute/v1/projects/metric-link/global/networks/metric-link-vpc",
                "network_ip": "10.0.1.3",
                "nic_type": "",
                "queue_count": 0,
                "stack_type": "IPV4_ONLY",
                "subnetwork": "https://www.googleapis.com/compute/v1/projects/metric-link/regions/us-east1/subnetworks/metric-link-subnet-us-east1",
                "subnetwork_project": "metric-link"
              }
            ],
            "network_performance_config": [],
            "params": [],
            "project": "metric-link",
            "reservation_affinity": [],
            "resource_policies": null,
            "scheduling": [
              {
                "automatic_restart": true,
                "instance_termination_action": "",
                "local_ssd_recovery_timeout": [],
                "max_run_duration": [],
                "min_node_cpus": 0,
                "node_affinities": [],
                "on_host_maintenance": "MIGRATE",
                "on_instance_stop_action": [],
                "preemptible": false,
                "provisioning_model": "STANDARD"
              }
            ],
            "scratch_disk": [],
            "self_link": "https://www.googleapis.com/compute/v1/projects/metric-link/zones/us-east1-c/instances/metric-link-vm-us-east1-mqtt",
            "service_account": [],
            "shielded_instance_config": [
              {
                "enable_integrity_monitoring": true,
                "enable_secure_boot": false,
                "enable_vtpm": true
              }
            ],
            "tags": [
              "metric-link-mqtt-broker"
            ],
            "tags_fingerprint": "op9iJKm4o_k=",
            "terraform_labels": {
              "env": "prod",
              "project": "metric-link"
            },
            "timeouts": null,
            "zone": "us-east1-c"
          },
          "sensitive_attributes": [
            [
              {
                "type": "get_attr",
                "value": "boot_disk"
              },
              {
                "type": "index",
                "value": {
                  "value": 0,
                  "type": "number"
                }
              },
              {
                "type": "get_attr",
                "value": "disk_encryption_key_raw"
              }
            ]
          ],
          "identity_schema_version": 0,
          "private": "eyJlMmJmYjczMC1lY2FhLTExZTYtOGY4OC0zNDM2M2JjN2M0YzAiOnsiY3JlYXRlIjoxMjAwMDAwMDAwMDAwLCJkZWxldGUiOjEyMDAwMDAwMDAwMDAsInVwZGF0ZSI6MTIwMDAwMDAwMDAwMH0sInNjaGVtYV92ZXJzaW9uIjoiNiJ9",
          "dependencies": [
            "data.external.gcloud_config",
            "data.external.ssh_key",
            "data.google_compute_address.mqtt_ip",
            "data.google_compute_network.mqtt_vpc",
            "data.google_compute_subnetwork.mqtt_subnet"
          ]
        }
      ]
    },
    {
      "mode": "managed",
      "type": "google_secret_manager_secret",
      "name": "mqtt_password",
      "provider": "provider[\"registry.terraform.io/hashicorp/google\"]",
      "instances": [
        {
          "schema_version": 0,
          "attributes": {
            "annotations": {},
            "create_time": "2026-06-14T12:15:01.560769Z",
            "effective_annotations": {},
            "effective_labels": {},
            "expire_time": "",
            "id": "projects/metric-link/secrets/metric-link-secret-mqtt-password",
            "labels": {},
            "name": "projects/540170396220/secrets/metric-link-secret-mqtt-password",
            "project": "metric-link",
            "replication": [
              {
                "auto": [
                  {
                    "customer_managed_encryption": []
                  }
                ],
                "user_managed": []
              }
            ],
            "rotation": [],
            "secret_id": "metric-link-secret-mqtt-password",
            "terraform_labels": {},
            "timeouts": null,
            "topics": [],
            "ttl": null,
            "version_aliases": {},
            "version_destroy_ttl": ""
          },
          "sensitive_attributes": [],
          "identity_schema_version": 0,
          "private": "eyJlMmJmYjczMC1lY2FhLTExZTYtOGY4OC0zNDM2M2JjN2M0YzAiOnsiY3JlYXRlIjoxMjAwMDAwMDAwMDAwLCJkZWxldGUiOjEyMDAwMDAwMDAwMDAsInVwZGF0ZSI6MTIwMDAwMDAwMDAwMH19",
          "dependencies": [
            "data.external.gcloud_config"
          ]
        }
      ]
    },
    {
      "mode": "managed",
      "type": "google_secret_manager_secret",
      "name": "mqtt_username",
      "provider": "provider[\"registry.terraform.io/hashicorp/google\"]",
      "instances": [
        {
          "schema_version": 0,
          "attributes": {
            "annotations": {},
            "create_time": "2026-06-14T12:15:01.560792Z",
            "effective_annotations": {},
            "effective_labels": {},
            "expire_time": "",
            "id": "projects/metric-link/secrets/metric-link-secret-mqtt-username",
            "labels": {},
            "name": "projects/540170396220/secrets/metric-link-secret-mqtt-username",
            "project": "metric-link",
            "replication": [
              {
                "auto": [
                  {
                    "customer_managed_encryption": []
                  }
                ],
                "user_managed": []
              }
            ],
            "rotation": [],
            "secret_id": "metric-link-secret-mqtt-username",
            "terraform_labels": {},
            "timeouts": null,
            "topics": [],
            "ttl": null,
            "version_aliases": {},
            "version_destroy_ttl": ""
          },
          "sensitive_attributes": [],
          "identity_schema_version": 0,
          "private": "eyJlMmJmYjczMC1lY2FhLTExZTYtOGY4OC0zNDM2M2JjN2M0YzAiOnsiY3JlYXRlIjoxMjAwMDAwMDAwMDAwLCJkZWxldGUiOjEyMDAwMDAwMDAwMDAsInVwZGF0ZSI6MTIwMDAwMDAwMDAwMH19",
          "dependencies": [
            "data.external.gcloud_config"
          ]
        }
      ]
    },
    {
      "mode": "managed",
      "type": "google_secret_manager_secret",
      "name": "telegram_bot_token",
      "provider": "provider[\"registry.terraform.io/hashicorp/google\"]",
      "instances": [
        {
          "schema_version": 0,
          "attributes": {
            "annotations": {},
            "create_time": "2026-06-14T12:15:01.562294Z",
            "effective_annotations": {},
            "effective_labels": {},
            "expire_time": "",
            "id": "projects/metric-link/secrets/metric-link-secret-telegram-bot-token",
            "labels": {},
            "name": "projects/540170396220/secrets/metric-link-secret-telegram-bot-token",
            "project": "metric-link",
            "replication": [
              {
                "auto": [
                  {
                    "customer_managed_encryption": []
                  }
                ],
                "user_managed": []
              }
            ],
            "rotation": [],
            "secret_id": "metric-link-secret-telegram-bot-token",
            "terraform_labels": {},
            "timeouts": null,
            "topics": [],
            "ttl": null,
            "version_aliases": {},
            "version_destroy_ttl": ""
          },
          "sensitive_attributes": [],
          "identity_schema_version": 0,
          "private": "eyJlMmJmYjczMC1lY2FhLTExZTYtOGY4OC0zNDM2M2JjN2M0YzAiOnsiY3JlYXRlIjoxMjAwMDAwMDAwMDAwLCJkZWxldGUiOjEyMDAwMDAwMDAwMDAsInVwZGF0ZSI6MTIwMDAwMDAwMDAwMH19",
          "dependencies": [
            "data.external.gcloud_config"
          ]
        }
      ]
    }
  ],
  "check_results": null
}
